// !$*UTF8*$!
{
	archiveVersion = 1;
	classes = {
	};
	objectVersion = 46;
	objects = {

/* Begin PBXBuildFile section */
		4D7D1ADE1B67DBAD00E58949 /* TBRJSONMapperTests.m in Sources */ = {isa = PBXBuildFile; fileRef = 4D7D1ADD1B67DBAD00E58949 /* TBRJSONMapperTests.m */; };
		4D7D1AE01B67DBBA00E58949 /* Info.plist in Resources */ = {isa = PBXBuildFile; fileRef = 4D7D1ADF1B67DBBA00E58949 /* Info.plist */; };
		4D7D1AE41B67DC1200E58949 /* TBRJSONMapper.m in Sources */ = {isa = PBXBuildFile; fileRef = 4D7D1AE31B67DC1200E58949 /* TBRJSONMapper.m */; };
		4DCA4C851C56C6C5002B9C06 /* address.json in Resources */ = {isa = PBXBuildFile; fileRef = 4DCA4C7A1C56C0A6002B9C06 /* address.json */; };
		4DCA4C861C56C6C7002B9C06 /* fleskfile_recipe.json in Resources */ = {isa = PBXBuildFile; fileRef = 4DCA4C7B1C56C0A6002B9C06 /* fleskfile_recipe.json */; };
		4DCA4C871C56C6C8002B9C06 /* kalops_recipe.json in Resources */ = {isa = PBXBuildFile; fileRef = 4DCA4C7C1C56C0A6002B9C06 /* kalops_recipe.json */; };
		4DCA4C881C56C6CA002B9C06 /* kotbullar_recipe.json in Resources */ = {isa = PBXBuildFile; fileRef = 4DCA4C7D1C56C0A6002B9C06 /* kotbullar_recipe.json */; };
		4DCA4C931C56C6D9002B9C06 /* Address.m in Sources */ = {isa = PBXBuildFile; fileRef = 4DCA4C8A1C56C6D9002B9C06 /* Address.m */; };
		4DCA4C951C56C6D9002B9C06 /* Phone.m in Sources */ = {isa = PBXBuildFile; fileRef = 4DCA4C8E1C56C6D9002B9C06 /* Phone.m */; };
		4DCA4C981C56CD80002B9C06 /* Recipe.m in Sources */ = {isa = PBXBuildFile; fileRef = 4DCA4C901C56C6D9002B9C06 /* Recipe.m */; };
		4DCA4C991C56CF11002B9C06 /* Ingredient.m in Sources */ = {isa = PBXBuildFile; fileRef = 4DCA4C8C1C56C6D9002B9C06 /* Ingredient.m */; };
		4DCA4C9A1C56CF30002B9C06 /* Step.m in Sources */ = {isa = PBXBuildFile; fileRef = 4DCA4C921C56C6D9002B9C06 /* Step.m */; };
/* End PBXBuildFile section */

/* Begin PBXFileReference section */
		4D7D1ACD1B67D99700E58949 /* UnitTests.xctest */ = {isa = PBXFileReference; explicitFileType = wrapper.cfbundle; includeInIndex = 0; path = UnitTests.xctest; sourceTree = BUILT_PRODUCTS_DIR; };
		4D7D1ADD1B67DBAD00E58949 /* TBRJSONMapperTests.m */ = {isa = PBXFileReference; fileEncoding = 4; lastKnownFileType = sourcecode.c.objc; path = TBRJSONMapperTests.m; sourceTree = "<group>"; };
		4D7D1ADF1B67DBBA00E58949 /* Info.plist */ = {isa = PBXFileReference; fileEncoding = 4; lastKnownFileType = text.plist.xml; name = Info.plist; path = UnitTests/Info.plist; sourceTree = SOURCE_ROOT; };
		4D7D1AE21B67DC1200E58949 /* TBRJSONMapper.h */ = {isa = PBXFileReference; fileEncoding = 4; lastKnownFileType = sourcecode.c.h; name = TBRJSONMapper.h; path = ../../TBRJSONMapper/TBRJSONMapper.h; sourceTree = "<group>"; };
		4D7D1AE31B67DC1200E58949 /* TBRJSONMapper.m */ = {isa = PBXFileReference; fileEncoding = 4; lastKnownFileType = sourcecode.c.objc; name = TBRJSONMapper.m; path = ../../TBRJSONMapper/TBRJSONMapper.m; sourceTree = "<group>"; };
		4DCA4C7A1C56C0A6002B9C06 /* address.json */ = {isa = PBXFileReference; fileEncoding = 4; lastKnownFileType = text.json; name = address.json; path = ../../Examples/SharedFiles/JSON/address.json; sourceTree = "<group>"; };
		4DCA4C7B1C56C0A6002B9C06 /* fleskfile_recipe.json */ = {isa = PBXFileReference; fileEncoding = 4; lastKnownFileType = text.json; name = fleskfile_recipe.json; path = ../../Examples/SharedFiles/JSON/fleskfile_recipe.json; sourceTree = "<group>"; };
		4DCA4C7C1C56C0A6002B9C06 /* kalops_recipe.json */ = {isa = PBXFileReference; fileEncoding = 4; lastKnownFileType = text.json; name = kalops_recipe.json; path = ../../Examples/SharedFiles/JSON/kalops_recipe.json; sourceTree = "<group>"; };
		4DCA4C7D1C56C0A6002B9C06 /* kotbullar_recipe.json */ = {isa = PBXFileReference; fileEncoding = 4; lastKnownFileType = text.json; name = kotbullar_recipe.json; path = ../../Examples/SharedFiles/JSON/kotbullar_recipe.json; sourceTree = "<group>"; };
		4DCA4C891C56C6D9002B9C06 /* Address.h */ = {isa = PBXFileReference; fileEncoding = 4; lastKnownFileType = sourcecode.c.h; name = Address.h; path = ../../Examples/SharedFiles/Models/Address.h; sourceTree = "<group>"; };
		4DCA4C8A1C56C6D9002B9C06 /* Address.m */ = {isa = PBXFileReference; fileEncoding = 4; lastKnownFileType = sourcecode.c.objc; name = Address.m; path = ../../Examples/SharedFiles/Models/Address.m; sourceTree = "<group>"; };
		4DCA4C8B1C56C6D9002B9C06 /* Ingredient.h */ = {isa = PBXFileReference; fileEncoding = 4; lastKnownFileType = sourcecode.c.h; name = Ingredient.h; path = ../../Examples/SharedFiles/Models/Ingredient.h; sourceTree = "<group>"; };
		4DCA4C8C1C56C6D9002B9C06 /* Ingredient.m */ = {isa = PBXFileReference; fileEncoding = 4; lastKnownFileType = sourcecode.c.objc; name = Ingredient.m; path = ../../Examples/SharedFiles/Models/Ingredient.m; sourceTree = "<group>"; };
		4DCA4C8D1C56C6D9002B9C06 /* Phone.h */ = {isa = PBXFileReference; fileEncoding = 4; lastKnownFileType = sourcecode.c.h; name = Phone.h; path = ../../Examples/SharedFiles/Models/Phone.h; sourceTree = "<group>"; };
		4DCA4C8E1C56C6D9002B9C06 /* Phone.m */ = {isa = PBXFileReference; fileEncoding = 4; lastKnownFileType = sourcecode.c.objc; name = Phone.m; path = ../../Examples/SharedFiles/Models/Phone.m; sourceTree = "<group>"; };
		4DCA4C8F1C56C6D9002B9C06 /* Recipe.h */ = {isa = PBXFileReference; fileEncoding = 4; lastKnownFileType = sourcecode.c.h; name = Recipe.h; path = ../../Examples/SharedFiles/Models/Recipe.h; sourceTree = "<group>"; };
		4DCA4C901C56C6D9002B9C06 /* Recipe.m */ = {isa = PBXFileReference; fileEncoding = 4; lastKnownFileType = sourcecode.c.objc; name = Recipe.m; path = ../../Examples/SharedFiles/Models/Recipe.m; sourceTree = "<group>"; };
		4DCA4C911C56C6D9002B9C06 /* Step.h */ = {isa = PBXFileReference; fileEncoding = 4; lastKnownFileType = sourcecode.c.h; name = Step.h; path = ../../Examples/SharedFiles/Models/Step.h; sourceTree = "<group>"; };
		4DCA4C921C56C6D9002B9C06 /* Step.m */ = {isa = PBXFileReference; fileEncoding = 4; lastKnownFileType = sourcecode.c.objc; name = Step.m; path = ../../Examples/SharedFiles/Models/Step.m; sourceTree = "<group>"; };
/* End PBXFileReference section */

/* Begin PBXFrameworksBuildPhase section */
		4D7D1ACA1B67D99700E58949 /* Frameworks */ = {
			isa = PBXFrameworksBuildPhase;
			buildActionMask = 2147483647;
			files = (
			);
			runOnlyForDeploymentPostprocessing = 0;
		};
/* End PBXFrameworksBuildPhase section */

/* Begin PBXGroup section */
		4D7D1AAB1B67D99700E58949 = {
			isa = PBXGroup;
			children = (
				4DCA4C841C56C6A3002B9C06 /* Models */,
				4D7D1AE11B67DBFC00E58949 /* TBRJSONMapper */,
				4D7D1AB61B67D99700E58949 /* UnitTests */,
				4D7D1AB51B67D99700E58949 /* Products */,
			);
			sourceTree = "<group>";
		};
		4D7D1AB51B67D99700E58949 /* Products */ = {
			isa = PBXGroup;
			children = (
				4D7D1ACD1B67D99700E58949 /* UnitTests.xctest */,
			);
			name = Products;
			sourceTree = "<group>";
		};
		4D7D1AB61B67D99700E58949 /* UnitTests */ = {
			isa = PBXGroup;
			children = (
				4D7D1ADD1B67DBAD00E58949 /* TBRJSONMapperTests.m */,
				4DCA4C781C56C065002B9C06 /* Resources */,
				4D7D1AD11B67D99700E58949 /* Supporting Files */,
			);
			path = UnitTests;
			sourceTree = "<group>";
		};
		4D7D1AD11B67D99700E58949 /* Supporting Files */ = {
			isa = PBXGroup;
			children = (
				4D7D1ADF1B67DBBA00E58949 /* Info.plist */,
			);
			name = "Supporting Files";
			path = UnitTestsTests;
			sourceTree = SOURCE_ROOT;
		};
		4D7D1AE11B67DBFC00E58949 /* TBRJSONMapper */ = {
			isa = PBXGroup;
			children = (
				4D7D1AE21B67DC1200E58949 /* TBRJSONMapper.h */,
				4D7D1AE31B67DC1200E58949 /* TBRJSONMapper.m */,
			);
			name = TBRJSONMapper;
			sourceTree = "<group>";
		};
		4DCA4C781C56C065002B9C06 /* Resources */ = {
			isa = PBXGroup;
			children = (
				4DCA4C791C56C090002B9C06 /* JSON */,
			);
			name = Resources;
			path = ..;
			sourceTree = "<group>";
		};
		4DCA4C791C56C090002B9C06 /* JSON */ = {
			isa = PBXGroup;
			children = (
				4DCA4C7A1C56C0A6002B9C06 /* address.json */,
				4DCA4C7B1C56C0A6002B9C06 /* fleskfile_recipe.json */,
				4DCA4C7C1C56C0A6002B9C06 /* kalops_recipe.json */,
				4DCA4C7D1C56C0A6002B9C06 /* kotbullar_recipe.json */,
			);
			name = JSON;
			sourceTree = "<group>";
		};
		4DCA4C841C56C6A3002B9C06 /* Models */ = {
			isa = PBXGroup;
			children = (
				4DCA4C891C56C6D9002B9C06 /* Address.h */,
				4DCA4C8A1C56C6D9002B9C06 /* Address.m */,
				4DCA4C8B1C56C6D9002B9C06 /* Ingredient.h */,
				4DCA4C8C1C56C6D9002B9C06 /* Ingredient.m */,
				4DCA4C8D1C56C6D9002B9C06 /* Phone.h */,
				4DCA4C8E1C56C6D9002B9C06 /* Phone.m */,
				4DCA4C8F1C56C6D9002B9C06 /* Recipe.h */,
				4DCA4C901C56C6D9002B9C06 /* Recipe.m */,
				4DCA4C911C56C6D9002B9C06 /* Step.h */,
				4DCA4C921C56C6D9002B9C06 /* Step.m */,
			);
			name = Models;
			sourceTree = "<group>";
		};
/* End PBXGroup section */

/* Begin PBXNativeTarget section */
		4D7D1ACC1B67D99700E58949 /* UnitTests */ = {
			isa = PBXNativeTarget;
			buildConfigurationList = 4D7D1ADA1B67D99700E58949 /* Build configuration list for PBXNativeTarget "UnitTests" */;
			buildPhases = (
				4D7D1AC91B67D99700E58949 /* Sources */,
				4D7D1ACA1B67D99700E58949 /* Frameworks */,
				4D7D1ACB1B67D99700E58949 /* Resources */,
			);
			buildRules = (
			);
			dependencies = (
			);
			name = UnitTests;
			productName = UnitTestsTests;
			productReference = 4D7D1ACD1B67D99700E58949 /* UnitTests.xctest */;
			productType = "com.apple.product-type.bundle.unit-test";
		};
/* End PBXNativeTarget section */

/* Begin PBXProject section */
		4D7D1AAC1B67D99700E58949 /* Project object */ = {
			isa = PBXProject;
			attributes = {
				LastUpgradeCheck = 0640;
				ORGANIZATIONNAME = TechBrewers;
				TargetAttributes = {
					4D7D1ACC1B67D99700E58949 = {
						CreatedOnToolsVersion = 6.4;
					};
				};
			};
			buildConfigurationList = 4D7D1AAF1B67D99700E58949 /* Build configuration list for PBXProject "UnitTests" */;
			compatibilityVersion = "Xcode 3.2";
			developmentRegion = English;
			hasScannedForEncodings = 0;
			knownRegions = (
				en,
				Base,
			);
			mainGroup = 4D7D1AAB1B67D99700E58949;
			productRefGroup = 4D7D1AB51B67D99700E58949 /* Products */;
			projectDirPath = "";
			projectRoot = "";
			targets = (
				4D7D1ACC1B67D99700E58949 /* UnitTests */,
			);
		};
/* End PBXProject section */

/* Begin PBXResourcesBuildPhase section */
		4D7D1ACB1B67D99700E58949 /* Resources */ = {
			isa = PBXResourcesBuildPhase;
			buildActionMask = 2147483647;
			files = (
				4D7D1AE01B67DBBA00E58949 /* Info.plist in Resources */,
				4DCA4C851C56C6C5002B9C06 /* address.json in Resources */,
				4DCA4C861C56C6C7002B9C06 /* fleskfile_recipe.json in Resources */,
				4DCA4C871C56C6C8002B9C06 /* kalops_recipe.json in Resources */,
				4DCA4C881C56C6CA002B9C06 /* kotbullar_recipe.json in Resources */,
			);
			runOnlyForDeploymentPostprocessing = 0;
		};
/* End PBXResourcesBuildPhase section */

/* Begin PBXSourcesBuildPhase section */
		4D7D1AC91B67D99700E58949 /* Sources */ = {
			isa = PBXSourcesBuildPhase;
			buildActionMask = 2147483647;
			files = (
				4DCA4C951C56C6D9002B9C06 /* Phone.m in Sources */,
				4DCA4C981C56CD80002B9C06 /* Recipe.m in Sources */,
				4DCA4C931C56C6D9002B9C06 /* Address.m in Sources */,
				4D7D1ADE1B67DBAD00E58949 /* TBRJSONMapperTests.m in Sources */,
				4DCA4C991C56CF11002B9C06 /* Ingredient.m in Sources */,
				4DCA4C9A1C56CF30002B9C06 /* Step.m in Sources */,
				4D7D1AE41B67DC1200E58949 /* TBRJSONMapper.m in Sources */,
			);
			runOnlyForDeploymentPostprocessing = 0;
		};
/* End PBXSourcesBuildPhase section */

/* Begin XCBuildConfiguration section */
		4D7D1AD51B67D99700E58949 /* Debug */ = {
			isa = XCBuildConfiguration;
			buildSettings = {
				ALWAYS_SEARCH_USER_PATHS = NO;
				CLANG_CXX_LANGUAGE_STANDARD = "gnu++0x";
				CLANG_CXX_LIBRARY = "libc++";
				CLANG_ENABLE_MODULES = YES;
				CLANG_ENABLE_OBJC_ARC = YES;
				CLANG_WARN_BOOL_CONVERSION = YES;
				CLANG_WARN_CONSTANT_CONVERSION = YES;
				CLANG_WARN_DIRECT_OBJC_ISA_USAGE = YES_ERROR;
				CLANG_WARN_EMPTY_BODY = YES;
				CLANG_WARN_ENUM_CONVERSION = YES;
				CLANG_WARN_INT_CONVERSION = YES;
				CLANG_WARN_OBJC_ROOT_CLASS = YES_ERROR;
				CLANG_WARN_UNREACHABLE_CODE = YES;
				CLANG_WARN__DUPLICATE_METHOD_MATCH = YES;
				"CODE_SIGN_IDENTITY[sdk=iphoneos*]" = "iPhone Developer";
				COPY_PHASE_STRIP = NO;
				DEBUG_INFORMATION_FORMAT = "dwarf-with-dsym";
				ENABLE_STRICT_OBJC_MSGSEND = YES;
				GCC_C_LANGUAGE_STANDARD = gnu99;
				GCC_DYNAMIC_NO_PIC = NO;
				GCC_NO_COMMON_BLOCKS = YES;
				GCC_OPTIMIZATION_LEVEL = 0;
				GCC_PREPROCESSOR_DEFINITIONS = (
					"DEBUG=1",
					"$(inherited)",
				);
				GCC_SYMBOLS_PRIVATE_EXTERN = NO;
				GCC_WARN_64_TO_32_BIT_CONVERSION = YES;
				GCC_WARN_ABOUT_RETURN_TYPE = YES_ERROR;
				GCC_WARN_UNDECLARED_SELECTOR = YES;
				GCC_WARN_UNINITIALIZED_AUTOS = YES_AGGRESSIVE;
				GCC_WARN_UNUSED_FUNCTION = YES;
				GCC_WARN_UNUSED_VARIABLE = YES;
				IPHONEOS_DEPLOYMENT_TARGET = 8.4;
				MTL_ENABLE_DEBUG_INFO = YES;
				ONLY_ACTIVE_ARCH = YES;
				SDKROOT = iphoneos;
				TARGETED_DEVICE_FAMILY = "1,2";
			};
			name = Debug;
		};
		4D7D1AD61B67D99700E58949 /* Release */ = {
			isa = XCBuildConfiguration;
			buildSettings = {
				ALWAYS_SEARCH_USER_PATHS = NO;
				CLANG_CXX_LANGUAGE_STANDARD = "gnu++0x";
				CLANG_CXX_LIBRARY = "libc++";
				CLANG_ENABLE_MODULES = YES;
				CLANG_ENABLE_OBJC_ARC = YES;
				CLANG_WARN_BOOL_CONVERSION = YES;
				CLANG_WARN_CONSTANT_CONVERSION = YES;
				CLANG_WARN_DIRECT_OBJC_ISA_USAGE = YES_ERROR;
				CLANG_WARN_EMPTY_BODY = YES;
				CLANG_WARN_ENUM_CONVERSION = YES;
				CLANG_WARN_INT_CONVERSION = YES;
				CLANG_WARN_OBJC_ROOT_CLASS = YES_ERROR;
				CLANG_WARN_UNREACHABLE_CODE = YES;
				CLANG_WARN__DUPLICATE_METHOD_MATCH = YES;
				"CODE_SIGN_IDENTITY[sdk=iphoneos*]" = "iPhone Developer";
				COPY_PHASE_STRIP = NO;
				DEBUG_INFORMATION_FORMAT = "dwarf-with-dsym";
				ENABLE_NS_ASSERTIONS = NO;
				ENABLE_STRICT_OBJC_MSGSEND = YES;
				GCC_C_LANGUAGE_STANDARD = gnu99;
				GCC_NO_COMMON_BLOCKS = YES;
				GCC_WARN_64_TO_32_BIT_CONVERSION = YES;
				GCC_WARN_ABOUT_RETURN_TYPE = YES_ERROR;
				GCC_WARN_UNDECLARED_SELECTOR = YES;
				GCC_WARN_UNINITIALIZED_AUTOS = YES_AGGRESSIVE;
				GCC_WARN_UNUSED_FUNCTION = YES;
				GCC_WARN_UNUSED_VARIABLE = YES;
				IPHONEOS_DEPLOYMENT_TARGET = 8.4;
				MTL_ENABLE_DEBUG_INFO = NO;
				SDKROOT = iphoneos;
				TARGETED_DEVICE_FAMILY = "1,2";
				VALIDATE_PRODUCT = YES;
			};
			name = Release;
		};
		4D7D1ADB1B67D99700E58949 /* Debug */ = {
			isa = XCBuildConfiguration;
			buildSettings = {
				FRAMEWORK_SEARCH_PATHS = (
					"$(SDKROOT)/Developer/Library/Frameworks",
					"$(inherited)",
				);
				GCC_PREPROCESSOR_DEFINITIONS = (
					"DEBUG=1",
					"$(inherited)",
				);
				INFOPLIST_FILE = UnitTests/Info.plist;
				LD_RUNPATH_SEARCH_PATHS = "$(inherited) @executable_path/Frameworks @loader_path/Frameworks";
				PRODUCT_NAME = "$(TARGET_NAME)";
			};
			name = Debug;
		};
		4D7D1ADC1B67D99700E58949 /* Release */ = {
			isa = XCBuildConfiguration;
			buildSettings = {
				FRAMEWORK_SEARCH_PATHS = (
					"$(SDKROOT)/Developer/Library/Frameworks",
					"$(inherited)",
				);
				INFOPLIST_FILE = UnitTests/Info.plist;
				LD_RUNPATH_SEARCH_PATHS = "$(inherited) @executable_path/Frameworks @loader_path/Frameworks";
				PRODUCT_NAME = "$(TARGET_NAME)";
			};
			name = Release;
		};
/* End XCBuildConfiguration section */

/* Begin XCConfigurationList section */
		4D7D1AAF1B67D99700E58949 /* Build configuration list for PBXProject "UnitTests" */ = {
			isa = XCConfigurationList;
			buildConfigurations = (
				4D7D1AD51B67D99700E58949 /* Debug */,
				4D7D1AD61B67D99700E58949 /* Release */,
			);
			defaultConfigurationIsVisible = 0;
			defaultConfigurationName = Release;
		};
		4D7D1ADA1B67D99700E58949 /* Build configuration list for PBXNativeTarget "UnitTests" */ = {
			isa = XCConfigurationList;
			buildConfigurations = (
				4D7D1ADB1B67D99700E58949 /* Debug */,
				4D7D1ADC1B67D99700E58949 /* Release */,
			);
			defaultConfigurationIsVisible = 0;
			defaultConfigurationName = Release;
		};
/* End XCConfigurationList section */
	};
	rootObject = 4D7D1AAC1B67D99700E58949 /* Project object */;
}
